{
    "_meta": {
        "hash": {
            "sha256": "ab8e09716eb60caa20e5bb8272cf9fb497df428f1d56c93d74bb72a5186bff6a"
        },
        "pipfile-spec": 6,
        "requires": {
            "python_version": "3.9"
        },
        "sources": [
            {
                "name": "pypi",
                "url": "https://pypi.org/simple",
                "verify_ssl": true
            }
        ]
    },
    "default": {
        "build": {
            "hashes": [
                "sha256:538aab1b64f9828977f84bc63ae570b060a8ed1be419e7870b8b4fc5e6ea553b",
                "sha256:589bf99a67df7c9cf07ec0ac0e5e2ea5d4b37ac63301c4986d1acb126aa83f8f"
            ],
            "index": "pypi",
            "markers": "python_version >= '3.7'",
            "version": "==1.0.3"
        },
        "packaging": {
            "hashes": [
                "sha256:048fb0e9405036518eaaf48a55953c750c11e1a1b68e0dd1a9d62ed0c092cfc5",
                "sha256:8c491190033a9af7e1d931d0b5dacc2ef47509b34dd0de67ed209b5203fc88c7"
            ],
            "markers": "python_version >= '3.7'",
            "version": "==23.2"
        },
        "pyproject-hooks": {
            "hashes": [
                "sha256:283c11acd6b928d2f6a7c73fa0d01cb2bdc5f07c57a2eeb6e83d5e56b97976f8",
                "sha256:f271b298b97f5955d53fb12b72c1fb1948c22c1a6b70b315c54cedaca0264ef5"
            ],
            "markers": "python_version >= '3.7'",
            "version": "==1.0.0"
        }
    },
    "develop": {}
}
