{
  "plugin_type": "extractors",
  "name": "tap-mixpanel",
  "namespace": "tap_mixpanel",
  "variant": "hotgluexyz",
  "label": "Mixpanel",
  "docs": "https://hub.meltano.com/extractors/tap-mixpanel--hotgluexyz",
  "repo": "https://github.com/hotgluexyz/tap-mixpanel",
  "pip_url": "git+https://github.com/hotgluexyz/tap-mixpanel.git",
  "description": "Product Analytics Tool",
  "logo_url": "https://hub.meltano.com/assets/logos/extractors/mixpanel.png",
  "capabilities": [
    "catalog",
    "discover",
    "state"
  ],
  "settings": [
    {
      "name": "api_secret",
      "kind": "string",
      "label": "API Secret",
      "description": "Mixpanel Project API Secret",
      "sensitive": true
    },
    {
      "name": "attribution_window",
      "kind": "integer",
      "label": "Attribution Window",
      "description": "Minimum number of days to look-back to"
    },
    {
      "name": "date_window_size",
      "kind": "integer",
      "label": "Date Window Size",
      "description": "Number of days to use for date window"
    },
    {
      "name": "denest_properties",
      "kind": "boolean",
      "label": "Denest Properties",
      "description": "Denest nested JSON responses from Mixpanel API"
    },
    {
      "name": "project_timezone",
      "kind": "string",
      "label": "Project Time Zone",
      "description": "Mixpanel Project time zone"
    },
    {
      "name": "select_properties_by_default",
      "kind": "boolean",
      "label": "Select Properties by Default",
      "description": "Automatically select all props during discovery"
    },
    {
      "name": "start_date",
      "kind": "date_iso8601",
      "label": "Start Date",
      "description": "Determines how much historical data will be extracted. Please be aware that the larger the time period and amount of data, the longer the initial extraction can be expected to take."
    },
    {
      "name": "user_agent",
      "kind": "string",
      "label": "User Agent",
      "description": "Mixpanel user agent"
    }
  ]
}
